// !$*UTF8*$!
{
	archiveVersion = 1;
	classes = {
	};
	objectVersion = 56;
	objects = {

/* Begin PBXBuildFile section */
		4F2988122C203A7B00B2746F /* iOSDevTestAppApp.swift in Sources */ = {isa = PBXBuildFile; fileRef = 4F2988112C203A7B00B2746F /* iOSDevTestAppApp.swift */; };
		4F2988142C203A7B00B2746F /* ContentView.swift in Sources */ = {isa = PBXBuildFile; fileRef = 4F2988132C203A7B00B2746F /* ContentView.swift */; };
		4F2988162C203A7C00B2746F /* Assets.xcassets in Resources */ = {isa = PBXBuildFile; fileRef = 4F2988152C203A7C00B2746F /* Assets.xcassets */; };
		4F2988192C203A7C00B2746F /* Preview Assets.xcassets in Resources */ = {isa = PBXBuildFile; fileRef = 4F2988182C203A7C00B2746F /* Preview Assets.xcassets */; };
		4F2988232C203A7D00B2746F /* iOSDevTestAppTests.swift in Sources */ = {isa = PBXBuildFile; fileRef = 4F2988222C203A7D00B2746F /* iOSDevTestAppTests.swift */; };
		4F29882D2C203A7D00B2746F /* iOSDevTestAppUITests.swift in Sources */ = {isa = PBXBuildFile; fileRef = 4F29882C2C203A7D00B2746F /* iOSDevTestAppUITests.swift */; };
		4F29882F2C203A7D00B2746F /* iOSDevTestAppUITestsLaunchTests.swift in Sources */ = {isa = PBXBuildFile; fileRef = 4F29882E2C203A7D00B2746F /* iOSDevTestAppUITestsLaunchTests.swift */; };
		4F29883C2C203AA400B2746F /* GeneratedSetRow.swift in Sources */ = {isa = PBXBuildFile; fileRef = 4F29883B2C203AA400B2746F /* GeneratedSetRow.swift */; };
		4F29883E2C203C8200B2746F /* Exercize.swift in Sources */ = {isa = PBXBuildFile; fileRef = 4F29883D2C203C8200B2746F /* Exercize.swift */; };
		4F2988402C203C9800B2746F /* ExercizeSet.swift in Sources */ = {isa = PBXBuildFile; fileRef = 4F29883F2C203C9800B2746F /* ExercizeSet.swift */; };
		4F2988422C203F6300B2746F /* GeneratedSetList.swift in Sources */ = {isa = PBXBuildFile; fileRef = 4F2988412C203F6300B2746F /* GeneratedSetList.swift */; };
		4F2988442C205A5E00B2746F /* ExersizeRow.swift in Sources */ = {isa = PBXBuildFile; fileRef = 4F2988432C205A5E00B2746F /* ExersizeRow.swift */; };
		4F2988462C20CF5700B2746F /* ExersizeListView.swift in Sources */ = {isa = PBXBuildFile; fileRef = 4F2988452C20CF5700B2746F /* ExersizeListView.swift */; };
		4F2988482C20D4D200B2746F /* SetDetailView.swift in Sources */ = {isa = PBXBuildFile; fileRef = 4F2988472C20D4D200B2746F /* SetDetailView.swift */; };
		4F29884E2C20E5C400B2746F /* SettingsView.swift in Sources */ = {isa = PBXBuildFile; fileRef = 4F29884D2C20E5C400B2746F /* SettingsView.swift */; };
		4F2988562C21FFAF00B2746F /* TabBarButton.swift in Sources */ = {isa = PBXBuildFile; fileRef = 4F2988552C21FFAF00B2746F /* TabBarButton.swift */; };
		4F2988582C2211EE00B2746F /* Extension+View.swift in Sources */ = {isa = PBXBuildFile; fileRef = 4F2988572C2211EE00B2746F /* Extension+View.swift */; };
		4F29885A2C222B8900B2746F /* Localisation.swift in Sources */ = {isa = PBXBuildFile; fileRef = 4F2988592C222B8900B2746F /* Localisation.swift */; };
		4F29885C2C2231CB00B2746F /* TabBar.swift in Sources */ = {isa = PBXBuildFile; fileRef = 4F29885B2C2231CB00B2746F /* TabBar.swift */; };
		4F29885E2C2233B300B2746F /* TabBarItem.swift in Sources */ = {isa = PBXBuildFile; fileRef = 4F29885D2C2233B300B2746F /* TabBarItem.swift */; };
		4F2988612C22379A00B2746F /* WorkoutView.swift in Sources */ = {isa = PBXBuildFile; fileRef = 4F2988602C22379A00B2746F /* WorkoutView.swift */; };
		4F2988632C223C3D00B2746F /* AllSetsView.swift in Sources */ = {isa = PBXBuildFile; fileRef = 4F2988622C223C3D00B2746F /* AllSetsView.swift */; };
		4F2988652C22F43E00B2746F /* RoundedCorner.swift in Sources */ = {isa = PBXBuildFile; fileRef = 4F2988642C22F43E00B2746F /* RoundedCorner.swift */; };
		4F2988682C23047F00B2746F /* BebasNeue-Regular.ttf in Resources */ = {isa = PBXBuildFile; fileRef = 4F2988662C23047F00B2746F /* BebasNeue-Regular.ttf */; };
		4F29886C2C23200D00B2746F /* WorkoutFlowView.swift in Sources */ = {isa = PBXBuildFile; fileRef = 4F29886B2C23200D00B2746F /* WorkoutFlowView.swift */; };
		4F2988752C23434500B2746F /* Extension+UIFont.swift in Sources */ = {isa = PBXBuildFile; fileRef = 4F2988742C23434500B2746F /* Extension+UIFont.swift */; };
		4F2988792C23903F00B2746F /* TrainingView.swift in Sources */ = {isa = PBXBuildFile; fileRef = 4F2988782C23903E00B2746F /* TrainingView.swift */; };
		4F3C0AA22C297223002867D0 /* TrainingModel.swift in Sources */ = {isa = PBXBuildFile; fileRef = 4F3C0AA12C297222002867D0 /* TrainingModel.swift */; };
/* End PBXBuildFile section */

/* Begin PBXContainerItemProxy section */
		4F29881F2C203A7D00B2746F /* PBXContainerItemProxy */ = {
			isa = PBXContainerItemProxy;
			containerPortal = 4F2988062C203A7B00B2746F /* Project object */;
			proxyType = 1;
			remoteGlobalIDString = 4F29880D2C203A7B00B2746F;
			remoteInfo = iOSDevTestApp;
		};
		4F2988292C203A7D00B2746F /* PBXContainerItemProxy */ = {
			isa = PBXContainerItemProxy;
			containerPortal = 4F2988062C203A7B00B2746F /* Project object */;
			proxyType = 1;
			remoteGlobalIDString = 4F29880D2C203A7B00B2746F;
			remoteInfo = iOSDevTestApp;
		};
/* End PBXContainerItemProxy section */

/* Begin PBXFileReference section */
		4F29880E2C203A7B00B2746F /* iOSDevTestApp.app */ = {isa = PBXFileReference; explicitFileType = wrapper.application; includeInIndex = 0; path = iOSDevTestApp.app; sourceTree = BUILT_PRODUCTS_DIR; };
		4F2988112C203A7B00B2746F /* iOSDevTestAppApp.swift */ = {isa = PBXFileReference; lastKnownFileType = sourcecode.swift; path = iOSDevTestAppApp.swift; sourceTree = "<group>"; };
		4F2988132C203A7B00B2746F /* ContentView.swift */ = {isa = PBXFileReference; lastKnownFileType = sourcecode.swift; path = ContentView.swift; sourceTree = "<group>"; };
		4F2988152C203A7C00B2746F /* Assets.xcassets */ = {isa = PBXFileReference; lastKnownFileType = folder.assetcatalog; path = Assets.xcassets; sourceTree = "<group>"; };
		4F2988182C203A7C00B2746F /* Preview Assets.xcassets */ = {isa = PBXFileReference; lastKnownFileType = folder.assetcatalog; path = "Preview Assets.xcassets"; sourceTree = "<group>"; };
		4F29881E2C203A7D00B2746F /* iOSDevTestAppTests.xctest */ = {isa = PBXFileReference; explicitFileType = wrapper.cfbundle; includeInIndex = 0; path = iOSDevTestAppTests.xctest; sourceTree = BUILT_PRODUCTS_DIR; };
		4F2988222C203A7D00B2746F /* iOSDevTestAppTests.swift */ = {isa = PBXFileReference; lastKnownFileType = sourcecode.swift; path = iOSDevTestAppTests.swift; sourceTree = "<group>"; };
		4F2988282C203A7D00B2746F /* iOSDevTestAppUITests.xctest */ = {isa = PBXFileReference; explicitFileType = wrapper.cfbundle; includeInIndex = 0; path = iOSDevTestAppUITests.xctest; sourceTree = BUILT_PRODUCTS_DIR; };
		4F29882C2C203A7D00B2746F /* iOSDevTestAppUITests.swift */ = {isa = PBXFileReference; lastKnownFileType = sourcecode.swift; path = iOSDevTestAppUITests.swift; sourceTree = "<group>"; };
		4F29882E2C203A7D00B2746F /* iOSDevTestAppUITestsLaunchTests.swift */ = {isa = PBXFileReference; lastKnownFileType = sourcecode.swift; path = iOSDevTestAppUITestsLaunchTests.swift; sourceTree = "<group>"; };
		4F29883B2C203AA400B2746F /* GeneratedSetRow.swift */ = {isa = PBXFileReference; lastKnownFileType = sourcecode.swift; path = GeneratedSetRow.swift; sourceTree = "<group>"; };
		4F29883D2C203C8200B2746F /* Exercize.swift */ = {isa = PBXFileReference; lastKnownFileType = sourcecode.swift; path = Exercize.swift; sourceTree = "<group>"; };
		4F29883F2C203C9800B2746F /* ExercizeSet.swift */ = {isa = PBXFileReference; lastKnownFileType = sourcecode.swift; path = ExercizeSet.swift; sourceTree = "<group>"; };
		4F2988412C203F6300B2746F /* GeneratedSetList.swift */ = {isa = PBXFileReference; lastKnownFileType = sourcecode.swift; path = GeneratedSetList.swift; sourceTree = "<group>"; };
		4F2988432C205A5E00B2746F /* ExersizeRow.swift */ = {isa = PBXFileReference; lastKnownFileType = sourcecode.swift; path = ExersizeRow.swift; sourceTree = "<group>"; };
		4F2988452C20CF5700B2746F /* ExersizeListView.swift */ = {isa = PBXFileReference; lastKnownFileType = sourcecode.swift; path = ExersizeListView.swift; sourceTree = "<group>"; };
		4F2988472C20D4D200B2746F /* SetDetailView.swift */ = {isa = PBXFileReference; lastKnownFileType = sourcecode.swift; path = SetDetailView.swift; sourceTree = "<group>"; };
		4F29884D2C20E5C400B2746F /* SettingsView.swift */ = {isa = PBXFileReference; lastKnownFileType = sourcecode.swift; path = SettingsView.swift; sourceTree = "<group>"; };
		4F2988552C21FFAF00B2746F /* TabBarButton.swift */ = {isa = PBXFileReference; lastKnownFileType = sourcecode.swift; path = TabBarButton.swift; sourceTree = "<group>"; };
		4F2988572C2211EE00B2746F /* Extension+View.swift */ = {isa = PBXFileReference; lastKnownFileType = sourcecode.swift; path = "Extension+View.swift"; sourceTree = "<group>"; };
		4F2988592C222B8900B2746F /* Localisation.swift */ = {isa = PBXFileReference; lastKnownFileType = sourcecode.swift; path = Localisation.swift; sourceTree = "<group>"; };
		4F29885B2C2231CB00B2746F /* TabBar.swift */ = {isa = PBXFileReference; lastKnownFileType = sourcecode.swift; path = TabBar.swift; sourceTree = "<group>"; };
		4F29885D2C2233B300B2746F /* TabBarItem.swift */ = {isa = PBXFileReference; lastKnownFileType = sourcecode.swift; path = TabBarItem.swift; sourceTree = "<group>"; };
		4F2988602C22379A00B2746F /* WorkoutView.swift */ = {isa = PBXFileReference; lastKnownFileType = sourcecode.swift; path = WorkoutView.swift; sourceTree = "<group>"; };
		4F2988622C223C3D00B2746F /* AllSetsView.swift */ = {isa = PBXFileReference; lastKnownFileType = sourcecode.swift; path = AllSetsView.swift; sourceTree = "<group>"; };
		4F2988642C22F43E00B2746F /* RoundedCorner.swift */ = {isa = PBXFileReference; lastKnownFileType = sourcecode.swift; path = RoundedCorner.swift; sourceTree = "<group>"; };
		4F2988662C23047F00B2746F /* BebasNeue-Regular.ttf */ = {isa = PBXFileReference; lastKnownFileType = file; path = "BebasNeue-Regular.ttf"; sourceTree = "<group>"; };
		4F29886B2C23200D00B2746F /* WorkoutFlowView.swift */ = {isa = PBXFileReference; lastKnownFileType = sourcecode.swift; path = WorkoutFlowView.swift; sourceTree = "<group>"; };
		4F2988732C233F8A00B2746F /* Info.plist */ = {isa = PBXFileReference; lastKnownFileType = text.plist; path = Info.plist; sourceTree = "<group>"; };
		4F2988742C23434500B2746F /* Extension+UIFont.swift */ = {isa = PBXFileReference; lastKnownFileType = sourcecode.swift; path = "Extension+UIFont.swift"; sourceTree = "<group>"; };
		4F2988782C23903E00B2746F /* TrainingView.swift */ = {isa = PBXFileReference; lastKnownFileType = sourcecode.swift; path = TrainingView.swift; sourceTree = "<group>"; };
		4F3C0AA12C297222002867D0 /* TrainingModel.swift */ = {isa = PBXFileReference; lastKnownFileType = sourcecode.swift; path = TrainingModel.swift; sourceTree = "<group>"; };
/* End PBXFileReference section */

/* Begin PBXFrameworksBuildPhase section */
		4F29880B2C203A7B00B2746F /* Frameworks */ = {
			isa = PBXFrameworksBuildPhase;
			buildActionMask = 2147483647;
			files = (
			);
			runOnlyForDeploymentPostprocessing = 0;
		};
		4F29881B2C203A7D00B2746F /* Frameworks */ = {
			isa = PBXFrameworksBuildPhase;
			buildActionMask = 2147483647;
			files = (
			);
			runOnlyForDeploymentPostprocessing = 0;
		};
		4F2988252C203A7D00B2746F /* Frameworks */ = {
			isa = PBXFrameworksBuildPhase;
			buildActionMask = 2147483647;
			files = (
			);
			runOnlyForDeploymentPostprocessing = 0;
		};
/* End PBXFrameworksBuildPhase section */

/* Begin PBXGroup section */
		4F2988052C203A7B00B2746F = {
			isa = PBXGroup;
			children = (
				4F2988102C203A7B00B2746F /* iOSDevTestApp */,
				4F2988212C203A7D00B2746F /* iOSDevTestAppTests */,
				4F29882B2C203A7D00B2746F /* iOSDevTestAppUITests */,
				4F29880F2C203A7B00B2746F /* Products */,
			);
			sourceTree = "<group>";
		};
		4F29880F2C203A7B00B2746F /* Products */ = {
			isa = PBXGroup;
			children = (
				4F29880E2C203A7B00B2746F /* iOSDevTestApp.app */,
				4F29881E2C203A7D00B2746F /* iOSDevTestAppTests.xctest */,
				4F2988282C203A7D00B2746F /* iOSDevTestAppUITests.xctest */,
			);
			name = Products;
			sourceTree = "<group>";
		};
		4F2988102C203A7B00B2746F /* iOSDevTestApp */ = {
			isa = PBXGroup;
			children = (
				4F2988732C233F8A00B2746F /* Info.plist */,
				4F29886F2C23398900B2746F /* AppFlow */,
				4F29885F2C22343600B2746F /* TabBar */,
				4F29886D2C23394B00B2746F /* WorkoutScreen */,
				4F2988722C233A0C00B2746F /* SettingsScreen */,
				4F29883F2C203C9800B2746F /* ExercizeSet.swift */,
				4F2988712C2339FD00B2746F /* Helpers */,
				4F2988152C203A7C00B2746F /* Assets.xcassets */,
				4F2988172C203A7C00B2746F /* Preview Content */,
			);
			path = iOSDevTestApp;
			sourceTree = "<group>";
		};
		4F2988172C203A7C00B2746F /* Preview Content */ = {
			isa = PBXGroup;
			children = (
				4F2988182C203A7C00B2746F /* Preview Assets.xcassets */,
			);
			path = "Preview Content";
			sourceTree = "<group>";
		};
		4F2988212C203A7D00B2746F /* iOSDevTestAppTests */ = {
			isa = PBXGroup;
			children = (
				4F2988222C203A7D00B2746F /* iOSDevTestAppTests.swift */,
			);
			path = iOSDevTestAppTests;
			sourceTree = "<group>";
		};
		4F29882B2C203A7D00B2746F /* iOSDevTestAppUITests */ = {
			isa = PBXGroup;
			children = (
				4F29882C2C203A7D00B2746F /* iOSDevTestAppUITests.swift */,
				4F29882E2C203A7D00B2746F /* iOSDevTestAppUITestsLaunchTests.swift */,
			);
			path = iOSDevTestAppUITests;
			sourceTree = "<group>";
		};
		4F2988492C20D57D00B2746F /* Helpers */ = {
			isa = PBXGroup;
			children = (
				4F2988432C205A5E00B2746F /* ExersizeRow.swift */,
				4F2988452C20CF5700B2746F /* ExersizeListView.swift */,
			);
			path = Helpers;
			sourceTree = "<group>";
		};
		4F29884A2C20D58700B2746F /* GeneratedSet */ = {
			isa = PBXGroup;
			children = (
				4F2988622C223C3D00B2746F /* AllSetsView.swift */,
				4F29886E2C23396900B2746F /* Helpers */,
			);
			path = GeneratedSet;
			sourceTree = "<group>";
		};
		4F29885F2C22343600B2746F /* TabBar */ = {
			isa = PBXGroup;
			children = (
				4F29885B2C2231CB00B2746F /* TabBar.swift */,
				4F2988772C235AC100B2746F /* Model */,
				4F2988762C235AB300B2746F /* Helper */,
			);
			path = TabBar;
			sourceTree = "<group>";
		};
		4F2988672C23047F00B2746F /* Bebas_Neue */ = {
			isa = PBXGroup;
			children = (
				4F2988662C23047F00B2746F /* BebasNeue-Regular.ttf */,
			);
			path = Bebas_Neue;
			sourceTree = "<group>";
		};
		4F29886D2C23394B00B2746F /* WorkoutScreen */ = {
			isa = PBXGroup;
			children = (
				4F29886B2C23200D00B2746F /* WorkoutFlowView.swift */,
				4F2988602C22379A00B2746F /* WorkoutView.swift */,
				4F2988782C23903E00B2746F /* TrainingView.swift */,
				4F3C0AA12C297222002867D0 /* TrainingModel.swift */,
				4F2988492C20D57D00B2746F /* Helpers */,
				4F29884A2C20D58700B2746F /* GeneratedSet */,
				4F2988702C2339C000B2746F /* SetDetailView */,
			);
			path = WorkoutScreen;
			sourceTree = "<group>";
		};
		4F29886E2C23396900B2746F /* Helpers */ = {
			isa = PBXGroup;
			children = (
				4F2988412C203F6300B2746F /* GeneratedSetList.swift */,
				4F29883B2C203AA400B2746F /* GeneratedSetRow.swift */,
			);
			path = Helpers;
			sourceTree = "<group>";
		};
		4F29886F2C23398900B2746F /* AppFlow */ = {
			isa = PBXGroup;
			children = (
				4F2988112C203A7B00B2746F /* iOSDevTestAppApp.swift */,
				4F2988132C203A7B00B2746F /* ContentView.swift */,
			);
			path = AppFlow;
			sourceTree = "<group>";
		};
		4F2988702C2339C000B2746F /* SetDetailView */ = {
			isa = PBXGroup;
			children = (
				4F2988472C20D4D200B2746F /* SetDetailView.swift */,
			);
			path = SetDetailView;
			sourceTree = "<group>";
		};
		4F2988712C2339FD00B2746F /* Helpers */ = {
			isa = PBXGroup;
			children = (
				4F2988572C2211EE00B2746F /* Extension+View.swift */,
				4F2988642C22F43E00B2746F /* RoundedCorner.swift */,
				4F29883D2C203C8200B2746F /* Exercize.swift */,
				4F2988592C222B8900B2746F /* Localisation.swift */,
				4F2988672C23047F00B2746F /* Bebas_Neue */,
				4F2988742C23434500B2746F /* Extension+UIFont.swift */,
			);
			path = Helpers;
			sourceTree = "<group>";
		};
		4F2988722C233A0C00B2746F /* SettingsScreen */ = {
			isa = PBXGroup;
			children = (
				4F29884D2C20E5C400B2746F /* SettingsView.swift */,
			);
			path = SettingsScreen;
			sourceTree = "<group>";
		};
		4F2988762C235AB300B2746F /* Helper */ = {
			isa = PBXGroup;
			children = (
				4F2988552C21FFAF00B2746F /* TabBarButton.swift */,
			);
			path = Helper;
			sourceTree = "<group>";
		};
		4F2988772C235AC100B2746F /* Model */ = {
			isa = PBXGroup;
			children = (
				4F29885D2C2233B300B2746F /* TabBarItem.swift */,
			);
			path = Model;
			sourceTree = "<group>";
		};
/* End PBXGroup section */

/* Begin PBXNativeTarget section */
		4F29880D2C203A7B00B2746F /* iOSDevTestApp */ = {
			isa = PBXNativeTarget;
			buildConfigurationList = 4F2988322C203A7D00B2746F /* Build configuration list for PBXNativeTarget "iOSDevTestApp" */;
			buildPhases = (
				4F29880A2C203A7B00B2746F /* Sources */,
				4F29880B2C203A7B00B2746F /* Frameworks */,
				4F29880C2C203A7B00B2746F /* Resources */,
			);
			buildRules = (
			);
			dependencies = (
			);
			name = iOSDevTestApp;
			productName = iOSDevTestApp;
			productReference = 4F29880E2C203A7B00B2746F /* iOSDevTestApp.app */;
			productType = "com.apple.product-type.application";
		};
		4F29881D2C203A7D00B2746F /* iOSDevTestAppTests */ = {
			isa = PBXNativeTarget;
			buildConfigurationList = 4F2988352C203A7D00B2746F /* Build configuration list for PBXNativeTarget "iOSDevTestAppTests" */;
			buildPhases = (
				4F29881A2C203A7D00B2746F /* Sources */,
				4F29881B2C203A7D00B2746F /* Frameworks */,
				4F29881C2C203A7D00B2746F /* Resources */,
			);
			buildRules = (
			);
			dependencies = (
				4F2988202C203A7D00B2746F /* PBXTargetDependency */,
			);
			name = iOSDevTestAppTests;
			productName = iOSDevTestAppTests;
			productReference = 4F29881E2C203A7D00B2746F /* iOSDevTestAppTests.xctest */;
			productType = "com.apple.product-type.bundle.unit-test";
		};
		4F2988272C203A7D00B2746F /* iOSDevTestAppUITests */ = {
			isa = PBXNativeTarget;
			buildConfigurationList = 4F2988382C203A7D00B2746F /* Build configuration list for PBXNativeTarget "iOSDevTestAppUITests" */;
			buildPhases = (
				4F2988242C203A7D00B2746F /* Sources */,
				4F2988252C203A7D00B2746F /* Frameworks */,
				4F2988262C203A7D00B2746F /* Resources */,
			);
			buildRules = (
			);
			dependencies = (
				4F29882A2C203A7D00B2746F /* PBXTargetDependency */,
			);
			name = iOSDevTestAppUITests;
			productName = iOSDevTestAppUITests;
			productReference = 4F2988282C203A7D00B2746F /* iOSDevTestAppUITests.xctest */;
			productType = "com.apple.product-type.bundle.ui-testing";
		};
/* End PBXNativeTarget section */

/* Begin PBXProject section */
		4F2988062C203A7B00B2746F /* Project object */ = {
			isa = PBXProject;
			attributes = {
				BuildIndependentTargetsInParallel = 1;
				LastSwiftUpdateCheck = 1530;
				LastUpgradeCheck = 1530;
				TargetAttributes = {
					4F29880D2C203A7B00B2746F = {
						CreatedOnToolsVersion = 15.3;
					};
					4F29881D2C203A7D00B2746F = {
						CreatedOnToolsVersion = 15.3;
						TestTargetID = 4F29880D2C203A7B00B2746F;
					};
					4F2988272C203A7D00B2746F = {
						CreatedOnToolsVersion = 15.3;
						TestTargetID = 4F29880D2C203A7B00B2746F;
					};
				};
			};
			buildConfigurationList = 4F2988092C203A7B00B2746F /* Build configuration list for PBXProject "iOSDevTestApp" */;
			compatibilityVersion = "Xcode 14.0";
			developmentRegion = en;
			hasScannedForEncodings = 0;
			knownRegions = (
				en,
				Base,
			);
			mainGroup = 4F2988052C203A7B00B2746F;
			productRefGroup = 4F29880F2C203A7B00B2746F /* Products */;
			projectDirPath = "";
			projectRoot = "";
			targets = (
				4F29880D2C203A7B00B2746F /* iOSDevTestApp */,
				4F29881D2C203A7D00B2746F /* iOSDevTestAppTests */,
				4F2988272C203A7D00B2746F /* iOSDevTestAppUITests */,
			);
		};
/* End PBXProject section */

/* Begin PBXResourcesBuildPhase section */
		4F29880C2C203A7B00B2746F /* Resources */ = {
			isa = PBXResourcesBuildPhase;
			buildActionMask = 2147483647;
			files = (
				4F2988192C203A7C00B2746F /* Preview Assets.xcassets in Resources */,
				4F2988162C203A7C00B2746F /* Assets.xcassets in Resources */,
				4F2988682C23047F00B2746F /* BebasNeue-Regular.ttf in Resources */,
			);
			runOnlyForDeploymentPostprocessing = 0;
		};
		4F29881C2C203A7D00B2746F /* Resources */ = {
			isa = PBXResourcesBuildPhase;
			buildActionMask = 2147483647;
			files = (
			);
			runOnlyForDeploymentPostprocessing = 0;
		};
		4F2988262C203A7D00B2746F /* Resources */ = {
			isa = PBXResourcesBuildPhase;
			buildActionMask = 2147483647;
			files = (
			);
			runOnlyForDeploymentPostprocessing = 0;
		};
/* End PBXResourcesBuildPhase section */

/* Begin PBXSourcesBuildPhase section */
		4F29880A2C203A7B00B2746F /* Sources */ = {
			isa = PBXSourcesBuildPhase;
			buildActionMask = 2147483647;
			files = (
				4F2988422C203F6300B2746F /* GeneratedSetList.swift in Sources */,
				4F2988442C205A5E00B2746F /* ExersizeRow.swift in Sources */,
				4F29883E2C203C8200B2746F /* Exercize.swift in Sources */,
				4F2988142C203A7B00B2746F /* ContentView.swift in Sources */,
				4F2988562C21FFAF00B2746F /* TabBarButton.swift in Sources */,
				4F29885E2C2233B300B2746F /* TabBarItem.swift in Sources */,
				4F2988402C203C9800B2746F /* ExercizeSet.swift in Sources */,
				4F2988482C20D4D200B2746F /* SetDetailView.swift in Sources */,
				4F2988612C22379A00B2746F /* WorkoutView.swift in Sources */,
				4F29886C2C23200D00B2746F /* WorkoutFlowView.swift in Sources */,
				4F2988752C23434500B2746F /* Extension+UIFont.swift in Sources */,
				4F2988122C203A7B00B2746F /* iOSDevTestAppApp.swift in Sources */,
				4F29885C2C2231CB00B2746F /* TabBar.swift in Sources */,
				4F3C0AA22C297223002867D0 /* TrainingModel.swift in Sources */,
				4F29885A2C222B8900B2746F /* Localisation.swift in Sources */,
				4F29883C2C203AA400B2746F /* GeneratedSetRow.swift in Sources */,
				4F2988462C20CF5700B2746F /* ExersizeListView.swift in Sources */,
				4F2988582C2211EE00B2746F /* Extension+View.swift in Sources */,
				4F29884E2C20E5C400B2746F /* SettingsView.swift in Sources */,
				4F2988652C22F43E00B2746F /* RoundedCorner.swift in Sources */,
				4F2988792C23903F00B2746F /* TrainingView.swift in Sources */,
				4F2988632C223C3D00B2746F /* AllSetsView.swift in Sources */,
			);
			runOnlyForDeploymentPostprocessing = 0;
		};
		4F29881A2C203A7D00B2746F /* Sources */ = {
			isa = PBXSourcesBuildPhase;
			buildActionMask = 2147483647;
			files = (
				4F2988232C203A7D00B2746F /* iOSDevTestAppTests.swift in Sources */,
			);
			runOnlyForDeploymentPostprocessing = 0;
		};
		4F2988242C203A7D00B2746F /* Sources */ = {
			isa = PBXSourcesBuildPhase;
			buildActionMask = 2147483647;
			files = (
				4F29882F2C203A7D00B2746F /* iOSDevTestAppUITestsLaunchTests.swift in Sources */,
				4F29882D2C203A7D00B2746F /* iOSDevTestAppUITests.swift in Sources */,
			);
			runOnlyForDeploymentPostprocessing = 0;
		};
/* End PBXSourcesBuildPhase section */

/* Begin PBXTargetDependency section */
		4F2988202C203A7D00B2746F /* PBXTargetDependency */ = {
			isa = PBXTargetDependency;
			target = 4F29880D2C203A7B00B2746F /* iOSDevTestApp */;
			targetProxy = 4F29881F2C203A7D00B2746F /* PBXContainerItemProxy */;
		};
		4F29882A2C203A7D00B2746F /* PBXTargetDependency */ = {
			isa = PBXTargetDependency;
			target = 4F29880D2C203A7B00B2746F /* iOSDevTestApp */;
			targetProxy = 4F2988292C203A7D00B2746F /* PBXContainerItemProxy */;
		};
/* End PBXTargetDependency section */

/* Begin XCBuildConfiguration section */
		4F2988302C203A7D00B2746F /* Debug */ = {
			isa = XCBuildConfiguration;
			buildSettings = {
				ALWAYS_SEARCH_USER_PATHS = NO;
				ASSETCATALOG_COMPILER_GENERATE_SWIFT_ASSET_SYMBOL_EXTENSIONS = YES;
				CLANG_ANALYZER_NONNULL = YES;
				CLANG_ANALYZER_NUMBER_OBJECT_CONVERSION = YES_AGGRESSIVE;
				CLANG_CXX_LANGUAGE_STANDARD = "gnu++20";
				CLANG_ENABLE_MODULES = YES;
				CLANG_ENABLE_OBJC_ARC = YES;
				CLANG_ENABLE_OBJC_WEAK = YES;
				CLANG_WARN_BLOCK_CAPTURE_AUTORELEASING = YES;
				CLANG_WARN_BOOL_CONVERSION = YES;
				CLANG_WARN_COMMA = YES;
				CLANG_WARN_CONSTANT_CONVERSION = YES;
				CLANG_WARN_DEPRECATED_OBJC_IMPLEMENTATIONS = YES;
				CLANG_WARN_DIRECT_OBJC_ISA_USAGE = YES_ERROR;
				CLANG_WARN_DOCUMENTATION_COMMENTS = YES;
				CLANG_WARN_EMPTY_BODY = YES;
				CLANG_WARN_ENUM_CONVERSION = YES;
				CLANG_WARN_INFINITE_RECURSION = YES;
				CLANG_WARN_INT_CONVERSION = YES;
				CLANG_WARN_NON_LITERAL_NULL_CONVERSION = YES;
				CLANG_WARN_OBJC_IMPLICIT_RETAIN_SELF = YES;
				CLANG_WARN_OBJC_LITERAL_CONVERSION = YES;
				CLANG_WARN_OBJC_ROOT_CLASS = YES_ERROR;
				CLANG_WARN_QUOTED_INCLUDE_IN_FRAMEWORK_HEADER = YES;
				CLANG_WARN_RANGE_LOOP_ANALYSIS = YES;
				CLANG_WARN_STRICT_PROTOTYPES = YES;
				CLANG_WARN_SUSPICIOUS_MOVE = YES;
				CLANG_WARN_UNGUARDED_AVAILABILITY = YES_AGGRESSIVE;
				CLANG_WARN_UNREACHABLE_CODE = YES;
				CLANG_WARN__DUPLICATE_METHOD_MATCH = YES;
				COPY_PHASE_STRIP = NO;
				DEBUG_INFORMATION_FORMAT = dwarf;
				ENABLE_STRICT_OBJC_MSGSEND = YES;
				ENABLE_TESTABILITY = YES;
				ENABLE_USER_SCRIPT_SANDBOXING = YES;
				GCC_C_LANGUAGE_STANDARD = gnu17;
				GCC_DYNAMIC_NO_PIC = NO;
				GCC_NO_COMMON_BLOCKS = YES;
				GCC_OPTIMIZATION_LEVEL = 0;
				GCC_PREPROCESSOR_DEFINITIONS = (
					"DEBUG=1",
					"$(inherited)",
				);
				GCC_WARN_64_TO_32_BIT_CONVERSION = YES;
				GCC_WARN_ABOUT_RETURN_TYPE = YES_ERROR;
				GCC_WARN_UNDECLARED_SELECTOR = YES;
				GCC_WARN_UNINITIALIZED_AUTOS = YES_AGGRESSIVE;
				GCC_WARN_UNUSED_FUNCTION = YES;
				GCC_WARN_UNUSED_VARIABLE = YES;
				IPHONEOS_DEPLOYMENT_TARGET = 17.4;
				LOCALIZATION_PREFERS_STRING_CATALOGS = YES;
				MTL_ENABLE_DEBUG_INFO = INCLUDE_SOURCE;
				MTL_FAST_MATH = YES;
				ONLY_ACTIVE_ARCH = YES;
				SDKROOT = iphoneos;
				SWIFT_ACTIVE_COMPILATION_CONDITIONS = "DEBUG $(inherited)";
				SWIFT_OPTIMIZATION_LEVEL = "-Onone";
			};
			name = Debug;
		};
		4F2988312C203A7D00B2746F /* Release */ = {
			isa = XCBuildConfiguration;
			buildSettings = {
				ALWAYS_SEARCH_USER_PATHS = NO;
				ASSETCATALOG_COMPILER_GENERATE_SWIFT_ASSET_SYMBOL_EXTENSIONS = YES;
				CLANG_ANALYZER_NONNULL = YES;
				CLANG_ANALYZER_NUMBER_OBJECT_CONVERSION = YES_AGGRESSIVE;
				CLANG_CXX_LANGUAGE_STANDARD = "gnu++20";
				CLANG_ENABLE_MODULES = YES;
				CLANG_ENABLE_OBJC_ARC = YES;
				CLANG_ENABLE_OBJC_WEAK = YES;
				CLANG_WARN_BLOCK_CAPTURE_AUTORELEASING = YES;
				CLANG_WARN_BOOL_CONVERSION = YES;
				CLANG_WARN_COMMA = YES;
				CLANG_WARN_CONSTANT_CONVERSION = YES;
				CLANG_WARN_DEPRECATED_OBJC_IMPLEMENTATIONS = YES;
				CLANG_WARN_DIRECT_OBJC_ISA_USAGE = YES_ERROR;
				CLANG_WARN_DOCUMENTATION_COMMENTS = YES;
				CLANG_WARN_EMPTY_BODY = YES;
				CLANG_WARN_ENUM_CONVERSION = YES;
				CLANG_WARN_INFINITE_RECURSION = YES;
				CLANG_WARN_INT_CONVERSION = YES;
				CLANG_WARN_NON_LITERAL_NULL_CONVERSION = YES;
				CLANG_WARN_OBJC_IMPLICIT_RETAIN_SELF = YES;
				CLANG_WARN_OBJC_LITERAL_CONVERSION = YES;
				CLANG_WARN_OBJC_ROOT_CLASS = YES_ERROR;
				CLANG_WARN_QUOTED_INCLUDE_IN_FRAMEWORK_HEADER = YES;
				CLANG_WARN_RANGE_LOOP_ANALYSIS = YES;
				CLANG_WARN_STRICT_PROTOTYPES = YES;
				CLANG_WARN_SUSPICIOUS_MOVE = YES;
				CLANG_WARN_UNGUARDED_AVAILABILITY = YES_AGGRESSIVE;
				CLANG_WARN_UNREACHABLE_CODE = YES;
				CLANG_WARN__DUPLICATE_METHOD_MATCH = YES;
				COPY_PHASE_STRIP = NO;
				DEBUG_INFORMATION_FORMAT = "dwarf-with-dsym";
				ENABLE_NS_ASSERTIONS = NO;
				ENABLE_STRICT_OBJC_MSGSEND = YES;
				ENABLE_USER_SCRIPT_SANDBOXING = YES;
				GCC_C_LANGUAGE_STANDARD = gnu17;
				GCC_NO_COMMON_BLOCKS = YES;
				GCC_WARN_64_TO_32_BIT_CONVERSION = YES;
				GCC_WARN_ABOUT_RETURN_TYPE = YES_ERROR;
				GCC_WARN_UNDECLARED_SELECTOR = YES;
				GCC_WARN_UNINITIALIZED_AUTOS = YES_AGGRESSIVE;
				GCC_WARN_UNUSED_FUNCTION = YES;
				GCC_WARN_UNUSED_VARIABLE = YES;
				IPHONEOS_DEPLOYMENT_TARGET = 17.4;
				LOCALIZATION_PREFERS_STRING_CATALOGS = YES;
				MTL_ENABLE_DEBUG_INFO = NO;
				MTL_FAST_MATH = YES;
				SDKROOT = iphoneos;
				SWIFT_COMPILATION_MODE = wholemodule;
				VALIDATE_PRODUCT = YES;
			};
			name = Release;
		};
		4F2988332C203A7D00B2746F /* Debug */ = {
			isa = XCBuildConfiguration;
			buildSettings = {
				ASSETCATALOG_COMPILER_APPICON_NAME = AppIcon;
				ASSETCATALOG_COMPILER_GLOBAL_ACCENT_COLOR_NAME = AccentColor;
				CODE_SIGN_STYLE = Automatic;
				CURRENT_PROJECT_VERSION = 1;
				DEVELOPMENT_ASSET_PATHS = "\"iOSDevTestApp/Preview Content\"";
				DEVELOPMENT_TEAM = M439QAGBDK;
				ENABLE_PREVIEWS = YES;
				GENERATE_INFOPLIST_FILE = YES;
				INFOPLIST_FILE = iOSDevTestApp/Info.plist;
				INFOPLIST_KEY_CFBundleDisplayName = "\"\"";
				INFOPLIST_KEY_LSApplicationCategoryType = "BebasNeue-Regular.ttf";
				INFOPLIST_KEY_UIApplicationSceneManifest_Generation = YES;
				INFOPLIST_KEY_UIApplicationSupportsIndirectInputEvents = YES;
				INFOPLIST_KEY_UILaunchScreen_Generation = YES;
				INFOPLIST_KEY_UISupportedInterfaceOrientations_iPad = "UIInterfaceOrientationPortrait UIInterfaceOrientationPortraitUpsideDown UIInterfaceOrientationLandscapeLeft UIInterfaceOrientationLandscapeRight";
				INFOPLIST_KEY_UISupportedInterfaceOrientations_iPhone = "UIInterfaceOrientationPortrait UIInterfaceOrientationLandscapeLeft UIInterfaceOrientationLandscapeRight";
				IPHONEOS_DEPLOYMENT_TARGET = 17.0;
				LD_RUNPATH_SEARCH_PATHS = (
					"$(inherited)",
					"@executable_path/Frameworks",
				);
				MARKETING_VERSION = 1.0;
				PRODUCT_BUNDLE_IDENTIFIER = testapp.iOSDevTestApp;
				PRODUCT_NAME = "$(TARGET_NAME)";
				SUPPORTED_PLATFORMS = "iphoneos iphonesimulator";
				SUPPORTS_MACCATALYST = NO;
				SUPPORTS_XR_DESIGNED_FOR_IPHONE_IPAD = NO;
				SWIFT_EMIT_LOC_STRINGS = YES;
				SWIFT_VERSION = 5.0;
				TARGETED_DEVICE_FAMILY = "1,2";
			};
			name = Debug;
		};
		4F2988342C203A7D00B2746F /* Release */ = {
			isa = XCBuildConfiguration;
			buildSettings = {
				ASSETCATALOG_COMPILER_APPICON_NAME = AppIcon;
				ASSETCATALOG_COMPILER_GLOBAL_ACCENT_COLOR_NAME = AccentColor;
				CODE_SIGN_STYLE = Automatic;
				CURRENT_PROJECT_VERSION = 1;
				DEVELOPMENT_ASSET_PATHS = "\"iOSDevTestApp/Preview Content\"";
				DEVELOPMENT_TEAM = M439QAGBDK;
				ENABLE_PREVIEWS = YES;
				GENERATE_INFOPLIST_FILE = YES;
				INFOPLIST_FILE = iOSDevTestApp/Info.plist;
				INFOPLIST_KEY_CFBundleDisplayName = "\"\"";
				INFOPLIST_KEY_LSApplicationCategoryType = "BebasNeue-Regular.ttf";
				INFOPLIST_KEY_UIApplicationSceneManifest_Generation = YES;
				INFOPLIST_KEY_UIApplicationSupportsIndirectInputEvents = YES;
				INFOPLIST_KEY_UILaunchScreen_Generation = YES;
				INFOPLIST_KEY_UISupportedInterfaceOrientations_iPad = "UIInterfaceOrientationPortrait UIInterfaceOrientationPortraitUpsideDown UIInterfaceOrientationLandscapeLeft UIInterfaceOrientationLandscapeRight";
				INFOPLIST_KEY_UISupportedInterfaceOrientations_iPhone = "UIInterfaceOrientationPortrait UIInterfaceOrientationLandscapeLeft UIInterfaceOrientationLandscapeRight";
				IPHONEOS_DEPLOYMENT_TARGET = 17.0;
				LD_RUNPATH_SEARCH_PATHS = (
					"$(inherited)",
					"@executable_path/Frameworks",
				);
				MARKETING_VERSION = 1.0;
				PRODUCT_BUNDLE_IDENTIFIER = testapp.iOSDevTestApp;
				PRODUCT_NAME = "$(TARGET_NAME)";
				SUPPORTED_PLATFORMS = "iphoneos iphonesimulator";
				SUPPORTS_MACCATALYST = NO;
				SUPPORTS_XR_DESIGNED_FOR_IPHONE_IPAD = NO;
				SWIFT_EMIT_LOC_STRINGS = YES;
				SWIFT_VERSION = 5.0;
				TARGETED_DEVICE_FAMILY = "1,2";
			};
			name = Release;
		};
		4F2988362C203A7D00B2746F /* Debug */ = {
			isa = XCBuildConfiguration;
			buildSettings = {
				ALWAYS_EMBED_SWIFT_STANDARD_LIBRARIES = YES;
				BUNDLE_LOADER = "$(TEST_HOST)";
				CODE_SIGN_STYLE = Automatic;
				CURRENT_PROJECT_VERSION = 1;
				DEVELOPMENT_TEAM = M439QAGBDK;
				GENERATE_INFOPLIST_FILE = YES;
				IPHONEOS_DEPLOYMENT_TARGET = 17.4;
				MARKETING_VERSION = 1.0;
				PRODUCT_BUNDLE_IDENTIFIER = testapp.iOSDevTestAppTests;
				PRODUCT_NAME = "$(TARGET_NAME)";
				SWIFT_EMIT_LOC_STRINGS = NO;
				SWIFT_VERSION = 5.0;
				TARGETED_DEVICE_FAMILY = "1,2";
				TEST_HOST = "$(BUILT_PRODUCTS_DIR)/iOSDevTestApp.app/$(BUNDLE_EXECUTABLE_FOLDER_PATH)/iOSDevTestApp";
			};
			name = Debug;
		};
		4F2988372C203A7D00B2746F /* Release */ = {
			isa = XCBuildConfiguration;
			buildSettings = {
				ALWAYS_EMBED_SWIFT_STANDARD_LIBRARIES = YES;
				BUNDLE_LOADER = "$(TEST_HOST)";
				CODE_SIGN_STYLE = Automatic;
				CURRENT_PROJECT_VERSION = 1;
				DEVELOPMENT_TEAM = M439QAGBDK;
				GENERATE_INFOPLIST_FILE = YES;
				IPHONEOS_DEPLOYMENT_TARGET = 17.4;
				MARKETING_VERSION = 1.0;
				PRODUCT_BUNDLE_IDENTIFIER = testapp.iOSDevTestAppTests;
				PRODUCT_NAME = "$(TARGET_NAME)";
				SWIFT_EMIT_LOC_STRINGS = NO;
				SWIFT_VERSION = 5.0;
				TARGETED_DEVICE_FAMILY = "1,2";
				TEST_HOST = "$(BUILT_PRODUCTS_DIR)/iOSDevTestApp.app/$(BUNDLE_EXECUTABLE_FOLDER_PATH)/iOSDevTestApp";
			};
			name = Release;
		};
		4F2988392C203A7D00B2746F /* Debug */ = {
			isa = XCBuildConfiguration;
			buildSettings = {
				ALWAYS_EMBED_SWIFT_STANDARD_LIBRARIES = YES;
				CODE_SIGN_STYLE = Automatic;
				CURRENT_PROJECT_VERSION = 1;
				DEVELOPMENT_TEAM = M439QAGBDK;
				GENERATE_INFOPLIST_FILE = YES;
				MARKETING_VERSION = 1.0;
				PRODUCT_BUNDLE_IDENTIFIER = testapp.iOSDevTestAppUITests;
				PRODUCT_NAME = "$(TARGET_NAME)";
				SWIFT_EMIT_LOC_STRINGS = NO;
				SWIFT_VERSION = 5.0;
				TARGETED_DEVICE_FAMILY = "1,2";
				TEST_TARGET_NAME = iOSDevTestApp;
			};
			name = Debug;
		};
		4F29883A2C203A7D00B2746F /* Release */ = {
			isa = XCBuildConfiguration;
			buildSettings = {
				ALWAYS_EMBED_SWIFT_STANDARD_LIBRARIES = YES;
				CODE_SIGN_STYLE = Automatic;
				CURRENT_PROJECT_VERSION = 1;
				DEVELOPMENT_TEAM = M439QAGBDK;
				GENERATE_INFOPLIST_FILE = YES;
				MARKETING_VERSION = 1.0;
				PRODUCT_BUNDLE_IDENTIFIER = testapp.iOSDevTestAppUITests;
				PRODUCT_NAME = "$(TARGET_NAME)";
				SWIFT_EMIT_LOC_STRINGS = NO;
				SWIFT_VERSION = 5.0;
				TARGETED_DEVICE_FAMILY = "1,2";
				TEST_TARGET_NAME = iOSDevTestApp;
			};
			name = Release;
		};
/* End XCBuildConfiguration section */

/* Begin XCConfigurationList section */
		4F2988092C203A7B00B2746F /* Build configuration list for PBXProject "iOSDevTestApp" */ = {
			isa = XCConfigurationList;
			buildConfigurations = (
				4F2988302C203A7D00B2746F /* Debug */,
				4F2988312C203A7D00B2746F /* Release */,
			);
			defaultConfigurationIsVisible = 0;
			defaultConfigurationName = Release;
		};
		4F2988322C203A7D00B2746F /* Build configuration list for PBXNativeTarget "iOSDevTestApp" */ = {
			isa = XCConfigurationList;
			buildConfigurations = (
				4F2988332C203A7D00B2746F /* Debug */,
				4F2988342C203A7D00B2746F /* Release */,
			);
			defaultConfigurationIsVisible = 0;
			defaultConfigurationName = Release;
		};
		4F2988352C203A7D00B2746F /* Build configuration list for PBXNativeTarget "iOSDevTestAppTests" */ = {
			isa = XCConfigurationList;
			buildConfigurations = (
				4F2988362C203A7D00B2746F /* Debug */,
				4F2988372C203A7D00B2746F /* Release */,
			);
			defaultConfigurationIsVisible = 0;
			defaultConfigurationName = Release;
		};
		4F2988382C203A7D00B2746F /* Build configuration list for PBXNativeTarget "iOSDevTestAppUITests" */ = {
			isa = XCConfigurationList;
			buildConfigurations = (
				4F2988392C203A7D00B2746F /* Debug */,
				4F29883A2C203A7D00B2746F /* Release */,
			);
			defaultConfigurationIsVisible = 0;
			defaultConfigurationName = Release;
		};
/* End XCConfigurationList section */
	};
	rootObject = 4F2988062C203A7B00B2746F /* Project object */;
}
