// !$*UTF8*$!
{
	archiveVersion = 1;
	classes = {
	};
	objectVersion = 56;
	objects = {

/* Begin PBXBuildFile section */
		4F66A7F72C2CA1C40003C79A /* AppFlowView.swift in Sources */ = {isa = PBXBuildFile; fileRef = 4F66A7C12C2CA1C40003C79A /* AppFlowView.swift */; };
		4F66A7F92C2CA1C40003C79A /* RugbyWorkoutApp.swift in Sources */ = {isa = PBXBuildFile; fileRef = 4F66A7C32C2CA1C40003C79A /* RugbyWorkoutApp.swift */; };
		4F66A7FA2C2CA1C40003C79A /* BebasNeue-Regular.ttf in Resources */ = {isa = PBXBuildFile; fileRef = 4F66A7C52C2CA1C40003C79A /* BebasNeue-Regular.ttf */; };
		4F66A7FB2C2CA1C40003C79A /* Extension+String.swift in Sources */ = {isa = PBXBuildFile; fileRef = 4F66A7C72C2CA1C40003C79A /* Extension+String.swift */; };
		4F66A7FC2C2CA1C40003C79A /* Extension+UIFont.swift in Sources */ = {isa = PBXBuildFile; fileRef = 4F66A7C82C2CA1C40003C79A /* Extension+UIFont.swift */; };
		4F66A7FD2C2CA1C40003C79A /* Extension+View.swift in Sources */ = {isa = PBXBuildFile; fileRef = 4F66A7C92C2CA1C40003C79A /* Extension+View.swift */; };
		4F66A7FE2C2CA1C40003C79A /* CustomBackButton.swift in Sources */ = {isa = PBXBuildFile; fileRef = 4F66A7CB2C2CA1C40003C79A /* CustomBackButton.swift */; };
		4F66A7FF2C2CA1C40003C79A /* Helpers.swift in Sources */ = {isa = PBXBuildFile; fileRef = 4F66A7CC2C2CA1C40003C79A /* Helpers.swift */; };
		4F66A8002C2CA1C40003C79A /* RoundedCorner.swift in Sources */ = {isa = PBXBuildFile; fileRef = 4F66A7CD2C2CA1C40003C79A /* RoundedCorner.swift */; };
		4F66A8012C2CA1C40003C79A /* ExerciseSet.swift in Sources */ = {isa = PBXBuildFile; fileRef = 4F66A7CF2C2CA1C40003C79A /* ExerciseSet.swift */; };
		4F66A8022C2CA1C40003C79A /* Exercize.swift in Sources */ = {isa = PBXBuildFile; fileRef = 4F66A7D02C2CA1C40003C79A /* Exercize.swift */; };
		4F66A8032C2CA1C40003C79A /* FinishedExercise.swift in Sources */ = {isa = PBXBuildFile; fileRef = 4F66A7D12C2CA1C40003C79A /* FinishedExercise.swift */; };
		4F66A8042C2CA1C40003C79A /* PolicyTermsView.swift in Sources */ = {isa = PBXBuildFile; fileRef = 4F66A7D32C2CA1C40003C79A /* PolicyTermsView.swift */; };
		4F66A8052C2CA1C40003C79A /* SettingRowView.swift in Sources */ = {isa = PBXBuildFile; fileRef = 4F66A7D42C2CA1C40003C79A /* SettingRowView.swift */; };
		4F66A8062C2CA1C40003C79A /* SettingsView.swift in Sources */ = {isa = PBXBuildFile; fileRef = 4F66A7D52C2CA1C40003C79A /* SettingsView.swift */; };
		4F66A8072C2CA1C40003C79A /* TabBarButton.swift in Sources */ = {isa = PBXBuildFile; fileRef = 4F66A7D72C2CA1C40003C79A /* TabBarButton.swift */; };
		4F66A8082C2CA1C40003C79A /* TabBarItem.swift in Sources */ = {isa = PBXBuildFile; fileRef = 4F66A7D92C2CA1C40003C79A /* TabBarItem.swift */; };
		4F66A8092C2CA1C40003C79A /* TabBar.swift in Sources */ = {isa = PBXBuildFile; fileRef = 4F66A7DB2C2CA1C40003C79A /* TabBar.swift */; };
		4F66A80A2C2CA1C40003C79A /* CompletedExerciseRow.swift in Sources */ = {isa = PBXBuildFile; fileRef = 4F66A7DD2C2CA1C40003C79A /* CompletedExerciseRow.swift */; };
		4F66A80B2C2CA1C40003C79A /* TrainingResultView.swift in Sources */ = {isa = PBXBuildFile; fileRef = 4F66A7DE2C2CA1C40003C79A /* TrainingResultView.swift */; };
		4F66A80C2C2CA1C40003C79A /* ExerciseDescriptionView.swift in Sources */ = {isa = PBXBuildFile; fileRef = 4F66A7E02C2CA1C40003C79A /* ExerciseDescriptionView.swift */; };
		4F66A80D2C2CA1C40003C79A /* TrainingView.swift in Sources */ = {isa = PBXBuildFile; fileRef = 4F66A7E12C2CA1C40003C79A /* TrainingView.swift */; };
		4F66A80E2C2CA1C40003C79A /* TrainingFlowView.swift in Sources */ = {isa = PBXBuildFile; fileRef = 4F66A7E42C2CA1C40003C79A /* TrainingFlowView.swift */; };
		4F66A80F2C2CA1C40003C79A /* GeneratedSetRow.swift in Sources */ = {isa = PBXBuildFile; fileRef = 4F66A7E62C2CA1C40003C79A /* GeneratedSetRow.swift */; };
		4F66A8102C2CA1C40003C79A /* GeneratedSetView.swift in Sources */ = {isa = PBXBuildFile; fileRef = 4F66A7E72C2CA1C40003C79A /* GeneratedSetView.swift */; };
		4F66A8112C2CA1C40003C79A /* ExercizeListView.swift in Sources */ = {isa = PBXBuildFile; fileRef = 4F66A7E92C2CA1C40003C79A /* ExercizeListView.swift */; };
		4F66A8122C2CA1C40003C79A /* ExersizeRow.swift in Sources */ = {isa = PBXBuildFile; fileRef = 4F66A7EA2C2CA1C40003C79A /* ExersizeRow.swift */; };
		4F66A8132C2CA1C40003C79A /* SetDetailView.swift in Sources */ = {isa = PBXBuildFile; fileRef = 4F66A7EB2C2CA1C40003C79A /* SetDetailView.swift */; };
		4F66A8142C2CA1C40003C79A /* WorkoutFlowView.swift in Sources */ = {isa = PBXBuildFile; fileRef = 4F66A7ED2C2CA1C40003C79A /* WorkoutFlowView.swift */; };
		4F66A8152C2CA1C40003C79A /* WorkoutView.swift in Sources */ = {isa = PBXBuildFile; fileRef = 4F66A7EE2C2CA1C40003C79A /* WorkoutView.swift */; };
		4F66A8162C2CA1C40003C79A /* OnboardingView.swift in Sources */ = {isa = PBXBuildFile; fileRef = 4F66A7F02C2CA1C40003C79A /* OnboardingView.swift */; };
		4F66A8172C2CA1C40003C79A /* Preview Assets.xcassets in Resources */ = {isa = PBXBuildFile; fileRef = 4F66A7F22C2CA1C40003C79A /* Preview Assets.xcassets */; };
		4F66A8182C2CA1C40003C79A /* Assets.xcassets in Resources */ = {isa = PBXBuildFile; fileRef = 4F66A7F52C2CA1C40003C79A /* Assets.xcassets */; };
		4F66A81B2C2CA4410003C79A /* NavigationController+Extension.swift in Sources */ = {isa = PBXBuildFile; fileRef = 4F66A81A2C2CA4410003C79A /* NavigationController+Extension.swift */; };
/* End PBXBuildFile section */

/* Begin PBXFileReference section */
		4F29880E2C203A7B00B2746F /* RugbyWorkout.app */ = {isa = PBXFileReference; explicitFileType = wrapper.application; includeInIndex = 0; path = RugbyWorkout.app; sourceTree = BUILT_PRODUCTS_DIR; };
		4F66A7C12C2CA1C40003C79A /* AppFlowView.swift */ = {isa = PBXFileReference; fileEncoding = 4; lastKnownFileType = sourcecode.swift; path = AppFlowView.swift; sourceTree = "<group>"; };
		4F66A7C32C2CA1C40003C79A /* RugbyWorkoutApp.swift */ = {isa = PBXFileReference; fileEncoding = 4; lastKnownFileType = sourcecode.swift; path = RugbyWorkoutApp.swift; sourceTree = "<group>"; };
		4F66A7C52C2CA1C40003C79A /* BebasNeue-Regular.ttf */ = {isa = PBXFileReference; lastKnownFileType = file; path = "BebasNeue-Regular.ttf"; sourceTree = "<group>"; };
		4F66A7C72C2CA1C40003C79A /* Extension+String.swift */ = {isa = PBXFileReference; fileEncoding = 4; lastKnownFileType = sourcecode.swift; path = "Extension+String.swift"; sourceTree = "<group>"; };
		4F66A7C82C2CA1C40003C79A /* Extension+UIFont.swift */ = {isa = PBXFileReference; fileEncoding = 4; lastKnownFileType = sourcecode.swift; path = "Extension+UIFont.swift"; sourceTree = "<group>"; };
		4F66A7C92C2CA1C40003C79A /* Extension+View.swift */ = {isa = PBXFileReference; fileEncoding = 4; lastKnownFileType = sourcecode.swift; path = "Extension+View.swift"; sourceTree = "<group>"; };
		4F66A7CB2C2CA1C40003C79A /* CustomBackButton.swift */ = {isa = PBXFileReference; fileEncoding = 4; lastKnownFileType = sourcecode.swift; path = CustomBackButton.swift; sourceTree = "<group>"; };
		4F66A7CC2C2CA1C40003C79A /* Helpers.swift */ = {isa = PBXFileReference; fileEncoding = 4; lastKnownFileType = sourcecode.swift; path = Helpers.swift; sourceTree = "<group>"; };
		4F66A7CD2C2CA1C40003C79A /* RoundedCorner.swift */ = {isa = PBXFileReference; fileEncoding = 4; lastKnownFileType = sourcecode.swift; path = RoundedCorner.swift; sourceTree = "<group>"; };
		4F66A7CF2C2CA1C40003C79A /* ExerciseSet.swift */ = {isa = PBXFileReference; fileEncoding = 4; lastKnownFileType = sourcecode.swift; path = ExerciseSet.swift; sourceTree = "<group>"; };
		4F66A7D02C2CA1C40003C79A /* Exercize.swift */ = {isa = PBXFileReference; fileEncoding = 4; lastKnownFileType = sourcecode.swift; path = Exercize.swift; sourceTree = "<group>"; };
		4F66A7D12C2CA1C40003C79A /* FinishedExercise.swift */ = {isa = PBXFileReference; fileEncoding = 4; lastKnownFileType = sourcecode.swift; path = FinishedExercise.swift; sourceTree = "<group>"; };
		4F66A7D32C2CA1C40003C79A /* PolicyTermsView.swift */ = {isa = PBXFileReference; fileEncoding = 4; lastKnownFileType = sourcecode.swift; path = PolicyTermsView.swift; sourceTree = "<group>"; };
		4F66A7D42C2CA1C40003C79A /* SettingRowView.swift */ = {isa = PBXFileReference; fileEncoding = 4; lastKnownFileType = sourcecode.swift; path = SettingRowView.swift; sourceTree = "<group>"; };
		4F66A7D52C2CA1C40003C79A /* SettingsView.swift */ = {isa = PBXFileReference; fileEncoding = 4; lastKnownFileType = sourcecode.swift; path = SettingsView.swift; sourceTree = "<group>"; };
		4F66A7D72C2CA1C40003C79A /* TabBarButton.swift */ = {isa = PBXFileReference; fileEncoding = 4; lastKnownFileType = sourcecode.swift; path = TabBarButton.swift; sourceTree = "<group>"; };
		4F66A7D92C2CA1C40003C79A /* TabBarItem.swift */ = {isa = PBXFileReference; fileEncoding = 4; lastKnownFileType = sourcecode.swift; path = TabBarItem.swift; sourceTree = "<group>"; };
		4F66A7DB2C2CA1C40003C79A /* TabBar.swift */ = {isa = PBXFileReference; fileEncoding = 4; lastKnownFileType = sourcecode.swift; path = TabBar.swift; sourceTree = "<group>"; };
		4F66A7DD2C2CA1C40003C79A /* CompletedExerciseRow.swift */ = {isa = PBXFileReference; fileEncoding = 4; lastKnownFileType = sourcecode.swift; path = CompletedExerciseRow.swift; sourceTree = "<group>"; };
		4F66A7DE2C2CA1C40003C79A /* TrainingResultView.swift */ = {isa = PBXFileReference; fileEncoding = 4; lastKnownFileType = sourcecode.swift; path = TrainingResultView.swift; sourceTree = "<group>"; };
		4F66A7E02C2CA1C40003C79A /* ExerciseDescriptionView.swift */ = {isa = PBXFileReference; fileEncoding = 4; lastKnownFileType = sourcecode.swift; path = ExerciseDescriptionView.swift; sourceTree = "<group>"; };
		4F66A7E12C2CA1C40003C79A /* TrainingView.swift */ = {isa = PBXFileReference; fileEncoding = 4; lastKnownFileType = sourcecode.swift; path = TrainingView.swift; sourceTree = "<group>"; };
		4F66A7E42C2CA1C40003C79A /* TrainingFlowView.swift */ = {isa = PBXFileReference; fileEncoding = 4; lastKnownFileType = sourcecode.swift; path = TrainingFlowView.swift; sourceTree = "<group>"; };
		4F66A7E62C2CA1C40003C79A /* GeneratedSetRow.swift */ = {isa = PBXFileReference; fileEncoding = 4; lastKnownFileType = sourcecode.swift; path = GeneratedSetRow.swift; sourceTree = "<group>"; };
		4F66A7E72C2CA1C40003C79A /* GeneratedSetView.swift */ = {isa = PBXFileReference; fileEncoding = 4; lastKnownFileType = sourcecode.swift; path = GeneratedSetView.swift; sourceTree = "<group>"; };
		4F66A7E92C2CA1C40003C79A /* ExercizeListView.swift */ = {isa = PBXFileReference; fileEncoding = 4; lastKnownFileType = sourcecode.swift; path = ExercizeListView.swift; sourceTree = "<group>"; };
		4F66A7EA2C2CA1C40003C79A /* ExersizeRow.swift */ = {isa = PBXFileReference; fileEncoding = 4; lastKnownFileType = sourcecode.swift; path = ExersizeRow.swift; sourceTree = "<group>"; };
		4F66A7EB2C2CA1C40003C79A /* SetDetailView.swift */ = {isa = PBXFileReference; fileEncoding = 4; lastKnownFileType = sourcecode.swift; path = SetDetailView.swift; sourceTree = "<group>"; };
		4F66A7ED2C2CA1C40003C79A /* WorkoutFlowView.swift */ = {isa = PBXFileReference; fileEncoding = 4; lastKnownFileType = sourcecode.swift; path = WorkoutFlowView.swift; sourceTree = "<group>"; };
		4F66A7EE2C2CA1C40003C79A /* WorkoutView.swift */ = {isa = PBXFileReference; fileEncoding = 4; lastKnownFileType = sourcecode.swift; path = WorkoutView.swift; sourceTree = "<group>"; };
		4F66A7F02C2CA1C40003C79A /* OnboardingView.swift */ = {isa = PBXFileReference; fileEncoding = 4; lastKnownFileType = sourcecode.swift; path = OnboardingView.swift; sourceTree = "<group>"; };
		4F66A7F22C2CA1C40003C79A /* Preview Assets.xcassets */ = {isa = PBXFileReference; lastKnownFileType = folder.assetcatalog; path = "Preview Assets.xcassets"; sourceTree = "<group>"; };
		4F66A7F52C2CA1C40003C79A /* Assets.xcassets */ = {isa = PBXFileReference; lastKnownFileType = folder.assetcatalog; path = Assets.xcassets; sourceTree = "<group>"; };
		4F66A8192C2CA2B60003C79A /* Info.plist */ = {isa = PBXFileReference; lastKnownFileType = text.plist.xml; path = Info.plist; sourceTree = "<group>"; };
		4F66A81A2C2CA4410003C79A /* NavigationController+Extension.swift */ = {isa = PBXFileReference; lastKnownFileType = sourcecode.swift; path = "NavigationController+Extension.swift"; sourceTree = "<group>"; };
/* End PBXFileReference section */

/* Begin PBXFrameworksBuildPhase section */
		4F29880B2C203A7B00B2746F /* Frameworks */ = {
			isa = PBXFrameworksBuildPhase;
			buildActionMask = 2147483647;
			files = (
			);
			runOnlyForDeploymentPostprocessing = 0;
		};
/* End PBXFrameworksBuildPhase section */

/* Begin PBXGroup section */
		4F2988052C203A7B00B2746F = {
			isa = PBXGroup;
			children = (
				4F66A7F62C2CA1C40003C79A /* RugbyWorkout */,
				4F29880F2C203A7B00B2746F /* Products */,
			);
			sourceTree = "<group>";
		};
		4F29880F2C203A7B00B2746F /* Products */ = {
			isa = PBXGroup;
			children = (
				4F29880E2C203A7B00B2746F /* RugbyWorkout.app */,
			);
			name = Products;
			sourceTree = "<group>";
		};
		4F66A7C42C2CA1C40003C79A /* AppFlow */ = {
			isa = PBXGroup;
			children = (
				4F66A7C32C2CA1C40003C79A /* RugbyWorkoutApp.swift */,
				4F66A7C12C2CA1C40003C79A /* AppFlowView.swift */,
			);
			path = AppFlow;
			sourceTree = "<group>";
		};
		4F66A7C62C2CA1C40003C79A /* Bebas_Neue */ = {
			isa = PBXGroup;
			children = (
				4F66A7C52C2CA1C40003C79A /* BebasNeue-Regular.ttf */,
			);
			path = Bebas_Neue;
			sourceTree = "<group>";
		};
		4F66A7CA2C2CA1C40003C79A /* Extensions */ = {
			isa = PBXGroup;
			children = (
				4F66A7C72C2CA1C40003C79A /* Extension+String.swift */,
				4F66A7C82C2CA1C40003C79A /* Extension+UIFont.swift */,
				4F66A7C92C2CA1C40003C79A /* Extension+View.swift */,
				4F66A81A2C2CA4410003C79A /* NavigationController+Extension.swift */,
			);
			path = Extensions;
			sourceTree = "<group>";
		};
		4F66A7CE2C2CA1C40003C79A /* Helpers */ = {
			isa = PBXGroup;
			children = (
				4F66A7C62C2CA1C40003C79A /* Bebas_Neue */,
				4F66A7CA2C2CA1C40003C79A /* Extensions */,
				4F66A7CB2C2CA1C40003C79A /* CustomBackButton.swift */,
				4F66A7CC2C2CA1C40003C79A /* Helpers.swift */,
				4F66A7CD2C2CA1C40003C79A /* RoundedCorner.swift */,
			);
			path = Helpers;
			sourceTree = "<group>";
		};
		4F66A7D22C2CA1C40003C79A /* Model */ = {
			isa = PBXGroup;
			children = (
				4F66A7CF2C2CA1C40003C79A /* ExerciseSet.swift */,
				4F66A7D02C2CA1C40003C79A /* Exercize.swift */,
				4F66A7D12C2CA1C40003C79A /* FinishedExercise.swift */,
			);
			path = Model;
			sourceTree = "<group>";
		};
		4F66A7D62C2CA1C40003C79A /* SettingsScreen */ = {
			isa = PBXGroup;
			children = (
				4F66A7D52C2CA1C40003C79A /* SettingsView.swift */,
				4FA7F6672C2CE33700F199E8 /* Helper */,
			);
			path = SettingsScreen;
			sourceTree = "<group>";
		};
		4F66A7D82C2CA1C40003C79A /* Helper */ = {
			isa = PBXGroup;
			children = (
				4F66A7D72C2CA1C40003C79A /* TabBarButton.swift */,
			);
			path = Helper;
			sourceTree = "<group>";
		};
		4F66A7DA2C2CA1C40003C79A /* Model */ = {
			isa = PBXGroup;
			children = (
				4F66A7D92C2CA1C40003C79A /* TabBarItem.swift */,
			);
			path = Model;
			sourceTree = "<group>";
		};
		4F66A7DC2C2CA1C40003C79A /* TabBar */ = {
			isa = PBXGroup;
			children = (
				4F66A7DB2C2CA1C40003C79A /* TabBar.swift */,
				4F66A7D82C2CA1C40003C79A /* Helper */,
				4F66A7DA2C2CA1C40003C79A /* Model */,
			);
			path = TabBar;
			sourceTree = "<group>";
		};
		4F66A7DF2C2CA1C40003C79A /* TrainingResultView */ = {
			isa = PBXGroup;
			children = (
				4F66A7DE2C2CA1C40003C79A /* TrainingResultView.swift */,
				4F66A7DD2C2CA1C40003C79A /* CompletedExerciseRow.swift */,
			);
			path = TrainingResultView;
			sourceTree = "<group>";
		};
		4F66A7E22C2CA1C40003C79A /* TrainingView */ = {
			isa = PBXGroup;
			children = (
				4F66A7E12C2CA1C40003C79A /* TrainingView.swift */,
				4F66A7E02C2CA1C40003C79A /* ExerciseDescriptionView.swift */,
			);
			path = TrainingView;
			sourceTree = "<group>";
		};
		4F66A7E32C2CA1C40003C79A /* View */ = {
			isa = PBXGroup;
			children = (
				4F66A7E22C2CA1C40003C79A /* TrainingView */,
				4F66A7DF2C2CA1C40003C79A /* TrainingResultView */,
			);
			path = View;
			sourceTree = "<group>";
		};
		4F66A7E52C2CA1C40003C79A /* TrainingScreen */ = {
			isa = PBXGroup;
			children = (
				4F66A7E42C2CA1C40003C79A /* TrainingFlowView.swift */,
				4F66A7E32C2CA1C40003C79A /* View */,
			);
			path = TrainingScreen;
			sourceTree = "<group>";
		};
		4F66A7E82C2CA1C40003C79A /* GeneratedSet */ = {
			isa = PBXGroup;
			children = (
				4F66A7E72C2CA1C40003C79A /* GeneratedSetView.swift */,
				4F66A7E62C2CA1C40003C79A /* GeneratedSetRow.swift */,
			);
			path = GeneratedSet;
			sourceTree = "<group>";
		};
		4F66A7EC2C2CA1C40003C79A /* SetDetail */ = {
			isa = PBXGroup;
			children = (
				4F66A7EB2C2CA1C40003C79A /* SetDetailView.swift */,
				4F66A7E92C2CA1C40003C79A /* ExercizeListView.swift */,
				4F66A7EA2C2CA1C40003C79A /* ExersizeRow.swift */,
			);
			path = SetDetail;
			sourceTree = "<group>";
		};
		4F66A7EF2C2CA1C40003C79A /* WorkoutScreen */ = {
			isa = PBXGroup;
			children = (
				4F66A7ED2C2CA1C40003C79A /* WorkoutFlowView.swift */,
				4F66A7EE2C2CA1C40003C79A /* WorkoutView.swift */,
				4F66A7E82C2CA1C40003C79A /* GeneratedSet */,
				4F66A7EC2C2CA1C40003C79A /* SetDetail */,
			);
			path = WorkoutScreen;
			sourceTree = "<group>";
		};
		4F66A7F12C2CA1C40003C79A /* Presentation */ = {
			isa = PBXGroup;
			children = (
				4F66A7DC2C2CA1C40003C79A /* TabBar */,
				4F66A7EF2C2CA1C40003C79A /* WorkoutScreen */,
				4F66A7E52C2CA1C40003C79A /* TrainingScreen */,
				4F66A7D62C2CA1C40003C79A /* SettingsScreen */,
				4FA7F66B2C2DAF1400F199E8 /* Onboarding */,
			);
			path = Presentation;
			sourceTree = "<group>";
		};
		4F66A7F32C2CA1C40003C79A /* Preview Content */ = {
			isa = PBXGroup;
			children = (
				4F66A7F22C2CA1C40003C79A /* Preview Assets.xcassets */,
			);
			path = "Preview Content";
			sourceTree = "<group>";
		};
		4F66A7F62C2CA1C40003C79A /* RugbyWorkout */ = {
			isa = PBXGroup;
			children = (
				4F66A7C42C2CA1C40003C79A /* AppFlow */,
				4F66A7F12C2CA1C40003C79A /* Presentation */,
				4F66A7D22C2CA1C40003C79A /* Model */,
				4F66A7CE2C2CA1C40003C79A /* Helpers */,
				4F66A7F32C2CA1C40003C79A /* Preview Content */,
				4F66A7F52C2CA1C40003C79A /* Assets.xcassets */,
				4F66A8192C2CA2B60003C79A /* Info.plist */,
			);
			path = RugbyWorkout;
			sourceTree = "<group>";
		};
		4FA7F6672C2CE33700F199E8 /* Helper */ = {
			isa = PBXGroup;
			children = (
				4F66A7D32C2CA1C40003C79A /* PolicyTermsView.swift */,
				4F66A7D42C2CA1C40003C79A /* SettingRowView.swift */,
			);
			path = Helper;
			sourceTree = "<group>";
		};
		4FA7F66B2C2DAF1400F199E8 /* Onboarding */ = {
			isa = PBXGroup;
			children = (
				4F66A7F02C2CA1C40003C79A /* OnboardingView.swift */,
			);
			path = Onboarding;
			sourceTree = "<group>";
		};
/* End PBXGroup section */

/* Begin PBXNativeTarget section */
		4F29880D2C203A7B00B2746F /* RugbyWorkout */ = {
			isa = PBXNativeTarget;
			buildConfigurationList = 4F2988322C203A7D00B2746F /* Build configuration list for PBXNativeTarget "RugbyWorkout" */;
			buildPhases = (
				4F29880A2C203A7B00B2746F /* Sources */,
				4F29880B2C203A7B00B2746F /* Frameworks */,
				4F29880C2C203A7B00B2746F /* Resources */,
			);
			buildRules = (
			);
			dependencies = (
			);
			name = RugbyWorkout;
			productName = iOSDevTestApp;
			productReference = 4F29880E2C203A7B00B2746F /* RugbyWorkout.app */;
			productType = "com.apple.product-type.application";
		};
/* End PBXNativeTarget section */

/* Begin PBXProject section */
		4F2988062C203A7B00B2746F /* Project object */ = {
			isa = PBXProject;
			attributes = {
				BuildIndependentTargetsInParallel = 1;
				LastSwiftUpdateCheck = 1530;
				LastUpgradeCheck = 1530;
				TargetAttributes = {
					4F29880D2C203A7B00B2746F = {
						CreatedOnToolsVersion = 15.3;
					};
				};
			};
			buildConfigurationList = 4F2988092C203A7B00B2746F /* Build configuration list for PBXProject "RugbyWorkout" */;
			compatibilityVersion = "Xcode 14.0";
			developmentRegion = en;
			hasScannedForEncodings = 0;
			knownRegions = (
				en,
				Base,
			);
			mainGroup = 4F2988052C203A7B00B2746F;
			productRefGroup = 4F29880F2C203A7B00B2746F /* Products */;
			projectDirPath = "";
			projectRoot = "";
			targets = (
				4F29880D2C203A7B00B2746F /* RugbyWorkout */,
			);
		};
/* End PBXProject section */

/* Begin PBXResourcesBuildPhase section */
		4F29880C2C203A7B00B2746F /* Resources */ = {
			isa = PBXResourcesBuildPhase;
			buildActionMask = 2147483647;
			files = (
				4F66A8172C2CA1C40003C79A /* Preview Assets.xcassets in Resources */,
				4F66A8182C2CA1C40003C79A /* Assets.xcassets in Resources */,
				4F66A7FA2C2CA1C40003C79A /* BebasNeue-Regular.ttf in Resources */,
			);
			runOnlyForDeploymentPostprocessing = 0;
		};
/* End PBXResourcesBuildPhase section */

/* Begin PBXSourcesBuildPhase section */
		4F29880A2C203A7B00B2746F /* Sources */ = {
			isa = PBXSourcesBuildPhase;
			buildActionMask = 2147483647;
			files = (
				4F66A8132C2CA1C40003C79A /* SetDetailView.swift in Sources */,
				4F66A8062C2CA1C40003C79A /* SettingsView.swift in Sources */,
				4F66A80A2C2CA1C40003C79A /* CompletedExerciseRow.swift in Sources */,
				4F66A80D2C2CA1C40003C79A /* TrainingView.swift in Sources */,
				4F66A8152C2CA1C40003C79A /* WorkoutView.swift in Sources */,
				4F66A8022C2CA1C40003C79A /* Exercize.swift in Sources */,
				4F66A7FC2C2CA1C40003C79A /* Extension+UIFont.swift in Sources */,
				4F66A8112C2CA1C40003C79A /* ExercizeListView.swift in Sources */,
				4F66A8102C2CA1C40003C79A /* GeneratedSetView.swift in Sources */,
				4F66A80E2C2CA1C40003C79A /* TrainingFlowView.swift in Sources */,
				4F66A8052C2CA1C40003C79A /* SettingRowView.swift in Sources */,
				4F66A81B2C2CA4410003C79A /* NavigationController+Extension.swift in Sources */,
				4F66A7FB2C2CA1C40003C79A /* Extension+String.swift in Sources */,
				4F66A8072C2CA1C40003C79A /* TabBarButton.swift in Sources */,
				4F66A8142C2CA1C40003C79A /* WorkoutFlowView.swift in Sources */,
				4F66A8002C2CA1C40003C79A /* RoundedCorner.swift in Sources */,
				4F66A80F2C2CA1C40003C79A /* GeneratedSetRow.swift in Sources */,
				4F66A8082C2CA1C40003C79A /* TabBarItem.swift in Sources */,
				4F66A80C2C2CA1C40003C79A /* ExerciseDescriptionView.swift in Sources */,
				4F66A8092C2CA1C40003C79A /* TabBar.swift in Sources */,
				4F66A8162C2CA1C40003C79A /* OnboardingView.swift in Sources */,
				4F66A8042C2CA1C40003C79A /* PolicyTermsView.swift in Sources */,
				4F66A7FF2C2CA1C40003C79A /* Helpers.swift in Sources */,
				4F66A7F92C2CA1C40003C79A /* RugbyWorkoutApp.swift in Sources */,
				4F66A8032C2CA1C40003C79A /* FinishedExercise.swift in Sources */,
				4F66A8012C2CA1C40003C79A /* ExerciseSet.swift in Sources */,
				4F66A7FE2C2CA1C40003C79A /* CustomBackButton.swift in Sources */,
				4F66A80B2C2CA1C40003C79A /* TrainingResultView.swift in Sources */,
				4F66A7FD2C2CA1C40003C79A /* Extension+View.swift in Sources */,
				4F66A8122C2CA1C40003C79A /* ExersizeRow.swift in Sources */,
				4F66A7F72C2CA1C40003C79A /* AppFlowView.swift in Sources */,
			);
			runOnlyForDeploymentPostprocessing = 0;
		};
/* End PBXSourcesBuildPhase section */

/* Begin XCBuildConfiguration section */
		4F2988302C203A7D00B2746F /* Debug */ = {
			isa = XCBuildConfiguration;
			buildSettings = {
				ALWAYS_SEARCH_USER_PATHS = NO;
				ASSETCATALOG_COMPILER_GENERATE_SWIFT_ASSET_SYMBOL_EXTENSIONS = YES;
				CLANG_ANALYZER_NONNULL = YES;
				CLANG_ANALYZER_NUMBER_OBJECT_CONVERSION = YES_AGGRESSIVE;
				CLANG_CXX_LANGUAGE_STANDARD = "gnu++20";
				CLANG_ENABLE_MODULES = YES;
				CLANG_ENABLE_OBJC_ARC = YES;
				CLANG_ENABLE_OBJC_WEAK = YES;
				CLANG_WARN_BLOCK_CAPTURE_AUTORELEASING = YES;
				CLANG_WARN_BOOL_CONVERSION = YES;
				CLANG_WARN_COMMA = YES;
				CLANG_WARN_CONSTANT_CONVERSION = YES;
				CLANG_WARN_DEPRECATED_OBJC_IMPLEMENTATIONS = YES;
				CLANG_WARN_DIRECT_OBJC_ISA_USAGE = YES_ERROR;
				CLANG_WARN_DOCUMENTATION_COMMENTS = YES;
				CLANG_WARN_EMPTY_BODY = YES;
				CLANG_WARN_ENUM_CONVERSION = YES;
				CLANG_WARN_INFINITE_RECURSION = YES;
				CLANG_WARN_INT_CONVERSION = YES;
				CLANG_WARN_NON_LITERAL_NULL_CONVERSION = YES;
				CLANG_WARN_OBJC_IMPLICIT_RETAIN_SELF = YES;
				CLANG_WARN_OBJC_LITERAL_CONVERSION = YES;
				CLANG_WARN_OBJC_ROOT_CLASS = YES_ERROR;
				CLANG_WARN_QUOTED_INCLUDE_IN_FRAMEWORK_HEADER = YES;
				CLANG_WARN_RANGE_LOOP_ANALYSIS = YES;
				CLANG_WARN_STRICT_PROTOTYPES = YES;
				CLANG_WARN_SUSPICIOUS_MOVE = YES;
				CLANG_WARN_UNGUARDED_AVAILABILITY = YES_AGGRESSIVE;
				CLANG_WARN_UNREACHABLE_CODE = YES;
				CLANG_WARN__DUPLICATE_METHOD_MATCH = YES;
				COPY_PHASE_STRIP = NO;
				DEBUG_INFORMATION_FORMAT = dwarf;
				ENABLE_STRICT_OBJC_MSGSEND = YES;
				ENABLE_TESTABILITY = YES;
				ENABLE_USER_SCRIPT_SANDBOXING = YES;
				GCC_C_LANGUAGE_STANDARD = gnu17;
				GCC_DYNAMIC_NO_PIC = NO;
				GCC_NO_COMMON_BLOCKS = YES;
				GCC_OPTIMIZATION_LEVEL = 0;
				GCC_PREPROCESSOR_DEFINITIONS = (
					"DEBUG=1",
					"$(inherited)",
				);
				GCC_WARN_64_TO_32_BIT_CONVERSION = YES;
				GCC_WARN_ABOUT_RETURN_TYPE = YES_ERROR;
				GCC_WARN_UNDECLARED_SELECTOR = YES;
				GCC_WARN_UNINITIALIZED_AUTOS = YES_AGGRESSIVE;
				GCC_WARN_UNUSED_FUNCTION = YES;
				GCC_WARN_UNUSED_VARIABLE = YES;
				IPHONEOS_DEPLOYMENT_TARGET = 16.0;
				LOCALIZATION_PREFERS_STRING_CATALOGS = YES;
				MTL_ENABLE_DEBUG_INFO = INCLUDE_SOURCE;
				MTL_FAST_MATH = YES;
				ONLY_ACTIVE_ARCH = YES;
				SDKROOT = iphoneos;
				SWIFT_ACTIVE_COMPILATION_CONDITIONS = "DEBUG $(inherited)";
				SWIFT_OPTIMIZATION_LEVEL = "-Onone";
			};
			name = Debug;
		};
		4F2988312C203A7D00B2746F /* Release */ = {
			isa = XCBuildConfiguration;
			buildSettings = {
				ALWAYS_SEARCH_USER_PATHS = NO;
				ASSETCATALOG_COMPILER_GENERATE_SWIFT_ASSET_SYMBOL_EXTENSIONS = YES;
				CLANG_ANALYZER_NONNULL = YES;
				CLANG_ANALYZER_NUMBER_OBJECT_CONVERSION = YES_AGGRESSIVE;
				CLANG_CXX_LANGUAGE_STANDARD = "gnu++20";
				CLANG_ENABLE_MODULES = YES;
				CLANG_ENABLE_OBJC_ARC = YES;
				CLANG_ENABLE_OBJC_WEAK = YES;
				CLANG_WARN_BLOCK_CAPTURE_AUTORELEASING = YES;
				CLANG_WARN_BOOL_CONVERSION = YES;
				CLANG_WARN_COMMA = YES;
				CLANG_WARN_CONSTANT_CONVERSION = YES;
				CLANG_WARN_DEPRECATED_OBJC_IMPLEMENTATIONS = YES;
				CLANG_WARN_DIRECT_OBJC_ISA_USAGE = YES_ERROR;
				CLANG_WARN_DOCUMENTATION_COMMENTS = YES;
				CLANG_WARN_EMPTY_BODY = YES;
				CLANG_WARN_ENUM_CONVERSION = YES;
				CLANG_WARN_INFINITE_RECURSION = YES;
				CLANG_WARN_INT_CONVERSION = YES;
				CLANG_WARN_NON_LITERAL_NULL_CONVERSION = YES;
				CLANG_WARN_OBJC_IMPLICIT_RETAIN_SELF = YES;
				CLANG_WARN_OBJC_LITERAL_CONVERSION = YES;
				CLANG_WARN_OBJC_ROOT_CLASS = YES_ERROR;
				CLANG_WARN_QUOTED_INCLUDE_IN_FRAMEWORK_HEADER = YES;
				CLANG_WARN_RANGE_LOOP_ANALYSIS = YES;
				CLANG_WARN_STRICT_PROTOTYPES = YES;
				CLANG_WARN_SUSPICIOUS_MOVE = YES;
				CLANG_WARN_UNGUARDED_AVAILABILITY = YES_AGGRESSIVE;
				CLANG_WARN_UNREACHABLE_CODE = YES;
				CLANG_WARN__DUPLICATE_METHOD_MATCH = YES;
				COPY_PHASE_STRIP = NO;
				DEBUG_INFORMATION_FORMAT = "dwarf-with-dsym";
				ENABLE_NS_ASSERTIONS = NO;
				ENABLE_STRICT_OBJC_MSGSEND = YES;
				ENABLE_USER_SCRIPT_SANDBOXING = YES;
				GCC_C_LANGUAGE_STANDARD = gnu17;
				GCC_NO_COMMON_BLOCKS = YES;
				GCC_WARN_64_TO_32_BIT_CONVERSION = YES;
				GCC_WARN_ABOUT_RETURN_TYPE = YES_ERROR;
				GCC_WARN_UNDECLARED_SELECTOR = YES;
				GCC_WARN_UNINITIALIZED_AUTOS = YES_AGGRESSIVE;
				GCC_WARN_UNUSED_FUNCTION = YES;
				GCC_WARN_UNUSED_VARIABLE = YES;
				IPHONEOS_DEPLOYMENT_TARGET = 16.0;
				LOCALIZATION_PREFERS_STRING_CATALOGS = YES;
				MTL_ENABLE_DEBUG_INFO = NO;
				MTL_FAST_MATH = YES;
				SDKROOT = iphoneos;
				SWIFT_COMPILATION_MODE = wholemodule;
				VALIDATE_PRODUCT = YES;
			};
			name = Release;
		};
		4F2988332C203A7D00B2746F /* Debug */ = {
			isa = XCBuildConfiguration;
			buildSettings = {
				ASSETCATALOG_COMPILER_APPICON_NAME = AppIcon;
				ASSETCATALOG_COMPILER_GLOBAL_ACCENT_COLOR_NAME = AccentColor;
				CODE_SIGN_STYLE = Automatic;
				CURRENT_PROJECT_VERSION = 1;
				DEVELOPMENT_ASSET_PATHS = "\"RugbyWorkout/Preview Content\"";
				DEVELOPMENT_TEAM = M439QAGBDK;
				ENABLE_PREVIEWS = YES;
				GENERATE_INFOPLIST_FILE = YES;
				INFOPLIST_FILE = RugbyWorkout/Info.plist;
				INFOPLIST_KEY_CFBundleDisplayName = "\"\"";
				INFOPLIST_KEY_LSApplicationCategoryType = "BebasNeue-Regular.ttf";
				INFOPLIST_KEY_UIApplicationSceneManifest_Generation = YES;
				INFOPLIST_KEY_UIApplicationSupportsIndirectInputEvents = YES;
				INFOPLIST_KEY_UILaunchScreen_Generation = YES;
				INFOPLIST_KEY_UISupportedInterfaceOrientations_iPad = "UIInterfaceOrientationPortrait UIInterfaceOrientationPortraitUpsideDown UIInterfaceOrientationLandscapeLeft UIInterfaceOrientationLandscapeRight";
				INFOPLIST_KEY_UISupportedInterfaceOrientations_iPhone = "UIInterfaceOrientationPortrait UIInterfaceOrientationLandscapeLeft UIInterfaceOrientationLandscapeRight";
				IPHONEOS_DEPLOYMENT_TARGET = 16.0;
				LD_RUNPATH_SEARCH_PATHS = (
					"$(inherited)",
					"@executable_path/Frameworks",
				);
				MARKETING_VERSION = 1.0;
				PRODUCT_BUNDLE_IDENTIFIER = com.RugbyWorkout;
				PRODUCT_NAME = "$(TARGET_NAME)";
				SUPPORTED_PLATFORMS = "iphoneos iphonesimulator";
				SUPPORTS_MACCATALYST = NO;
				SUPPORTS_MAC_DESIGNED_FOR_IPHONE_IPAD = NO;
				SUPPORTS_XR_DESIGNED_FOR_IPHONE_IPAD = NO;
				SWIFT_EMIT_LOC_STRINGS = YES;
				SWIFT_VERSION = 5.0;
				TARGETED_DEVICE_FAMILY = "1,2";
			};
			name = Debug;
		};
		4F2988342C203A7D00B2746F /* Release */ = {
			isa = XCBuildConfiguration;
			buildSettings = {
				ASSETCATALOG_COMPILER_APPICON_NAME = AppIcon;
				ASSETCATALOG_COMPILER_GLOBAL_ACCENT_COLOR_NAME = AccentColor;
				CODE_SIGN_STYLE = Automatic;
				CURRENT_PROJECT_VERSION = 1;
				DEVELOPMENT_ASSET_PATHS = "\"RugbyWorkout/Preview Content\"";
				DEVELOPMENT_TEAM = M439QAGBDK;
				ENABLE_PREVIEWS = YES;
				GENERATE_INFOPLIST_FILE = YES;
				INFOPLIST_FILE = RugbyWorkout/Info.plist;
				INFOPLIST_KEY_CFBundleDisplayName = "\"\"";
				INFOPLIST_KEY_LSApplicationCategoryType = "BebasNeue-Regular.ttf";
				INFOPLIST_KEY_UIApplicationSceneManifest_Generation = YES;
				INFOPLIST_KEY_UIApplicationSupportsIndirectInputEvents = YES;
				INFOPLIST_KEY_UILaunchScreen_Generation = YES;
				INFOPLIST_KEY_UISupportedInterfaceOrientations_iPad = "UIInterfaceOrientationPortrait UIInterfaceOrientationPortraitUpsideDown UIInterfaceOrientationLandscapeLeft UIInterfaceOrientationLandscapeRight";
				INFOPLIST_KEY_UISupportedInterfaceOrientations_iPhone = "UIInterfaceOrientationPortrait UIInterfaceOrientationLandscapeLeft UIInterfaceOrientationLandscapeRight";
				IPHONEOS_DEPLOYMENT_TARGET = 16.0;
				LD_RUNPATH_SEARCH_PATHS = (
					"$(inherited)",
					"@executable_path/Frameworks",
				);
				MARKETING_VERSION = 1.0;
				PRODUCT_BUNDLE_IDENTIFIER = com.RugbyWorkout;
				PRODUCT_NAME = "$(TARGET_NAME)";
				SUPPORTED_PLATFORMS = "iphoneos iphonesimulator";
				SUPPORTS_MACCATALYST = NO;
				SUPPORTS_MAC_DESIGNED_FOR_IPHONE_IPAD = NO;
				SUPPORTS_XR_DESIGNED_FOR_IPHONE_IPAD = NO;
				SWIFT_EMIT_LOC_STRINGS = YES;
				SWIFT_VERSION = 5.0;
				TARGETED_DEVICE_FAMILY = "1,2";
			};
			name = Release;
		};
/* End XCBuildConfiguration section */

/* Begin XCConfigurationList section */
		4F2988092C203A7B00B2746F /* Build configuration list for PBXProject "RugbyWorkout" */ = {
			isa = XCConfigurationList;
			buildConfigurations = (
				4F2988302C203A7D00B2746F /* Debug */,
				4F2988312C203A7D00B2746F /* Release */,
			);
			defaultConfigurationIsVisible = 0;
			defaultConfigurationName = Release;
		};
		4F2988322C203A7D00B2746F /* Build configuration list for PBXNativeTarget "RugbyWorkout" */ = {
			isa = XCConfigurationList;
			buildConfigurations = (
				4F2988332C203A7D00B2746F /* Debug */,
				4F2988342C203A7D00B2746F /* Release */,
			);
			defaultConfigurationIsVisible = 0;
			defaultConfigurationName = Release;
		};
/* End XCConfigurationList section */
	};
	rootObject = 4F2988062C203A7B00B2746F /* Project object */;
}
